{
    "_meta": {
        "hash": {
            "sha256": "adac7b30d9528f0ad2dfa8ead9302fe5bc8e0a1606b27f95fdf627cd065b3f44"
        },
        "pipfile-spec": 6,
        "requires": {
            "python_version": "3.6"
        },
        "sources": [
            {
                "name": "pypi",
                "url": "https://pypi.org/simple",
                "verify_ssl": true
            }
        ]
    },
    "default": {
        "numpy": {
            "hashes": [
                "sha256:0df89ca13c25eaa1621a3f09af4c8ba20da849692dcae184cb55e80952c453fb",
                "sha256:154c35f195fd3e1fad2569930ca51907057ae35e03938f89a8aedae91dd1b7c7",
                "sha256:18e84323cdb8de3325e741a7a8dd4a82db74fde363dce32b625324c7b32aa6d7",
                "sha256:1e8956c37fc138d65ded2d96ab3949bd49038cc6e8a4494b1515b0ba88c91565",
                "sha256:23557bdbca3ccbde3abaa12a6e82299bc92d2b9139011f8c16ca1bb8c75d1e95",
                "sha256:24fd645a5e5d224aa6e39d93e4a722fafa9160154f296fd5ef9580191c755053",
                "sha256:36e36b6868e4440760d4b9b44587ea1dc1f06532858d10abba98e851e154ca70",
                "sha256:3d734559db35aa3697dadcea492a423118c5c55d176da2f3be9c98d4803fc2a7",
                "sha256:416a2070acf3a2b5d586f9a6507bb97e33574df5bd7508ea970bbf4fc563fa52",
                "sha256:4a22dc3f5221a644dfe4a63bf990052cc674ef12a157b1056969079985c92816",
                "sha256:4d8d3e5aa6087490912c14a3c10fbdd380b40b421c13920ff468163bc50e016f",
                "sha256:4f41fd159fba1245e1958a99d349df49c616b133636e0cf668f169bce2aeac2d",
                "sha256:561ef098c50f91fbac2cc9305b68c915e9eb915a74d9038ecf8af274d748f76f",
                "sha256:56994e14b386b5c0a9b875a76d22d707b315fa037affc7819cda08b6d0489756",
                "sha256:73a1f2a529604c50c262179fcca59c87a05ff4614fe8a15c186934d84d09d9a5",
                "sha256:7da99445fd890206bfcc7419f79871ba8e73d9d9e6b82fe09980bc5bb4efc35f",
                "sha256:99d59e0bcadac4aa3280616591fb7bcd560e2218f5e31d5223a2e12a1425d495",
                "sha256:a4cc09489843c70b22e8373ca3dfa52b3fab778b57cf81462f1203b0852e95e3",
                "sha256:a61dc29cfca9831a03442a21d4b5fd77e3067beca4b5f81f1a89a04a71cf93fa",
                "sha256:b1853df739b32fa913cc59ad9137caa9cc3d97ff871e2bbd89c2a2a1d4a69451",
                "sha256:b1f44c335532c0581b77491b7715a871d0dd72e97487ac0f57337ccf3ab3469b",
                "sha256:b261e0cb0d6faa8fd6863af26d30351fd2ffdb15b82e51e81e96b9e9e2e7ba16",
                "sha256:c857ae5dba375ea26a6228f98c195fec0898a0fd91bcf0e8a0cae6d9faf3eca7",
                "sha256:cf5bb4a7d53a71bb6a0144d31df784a973b36d8687d615ef6a7e9b1809917a9b",
                "sha256:db9814ff0457b46f2e1d494c1efa4111ca089e08c8b983635ebffb9c1573361f",
                "sha256:df04f4bad8a359daa2ff74f8108ea051670cafbca533bb2636c58b16e962989e",
                "sha256:ecf81720934a0e18526177e645cbd6a8a21bb0ddc887ff9738de07a1df5c6b61",
                "sha256:edfa6fba9157e0e3be0f40168eb142511012683ac3dc82420bee4a3f3981b30e"
            ],
            "index": "pypi",
            "version": "==1.15.4"
        },
        "pillow": {
            "hashes": [
                "sha256:0cd42fe2d99ec6ce23aaf00947a7b7956ad2ed4b1695fd37545c3b8eae06d95a",
                "sha256:137bed8972089d65da63fb79b4949b0f2b99e9a58f1b494e82be43ba8b0f4226",
                "sha256:14eb2b2e4f2a14f5c89fd0edf55c5af0bf1a40fdf3838d81867f26f131cd557d",
                "sha256:1fc43ce8c4fa3754222cd6831d599ad17ca2fc9868d2fb52f4e5362dfbfaf379",
                "sha256:26dfeee23a86dad6277a63d18f61f53b957cb2cd3506dbbd74b88ba2fa65b3b1",
                "sha256:2e0e582942e025cc58f669499a8e0bffde5bcc8d42b65729f294c1dac54e4672",
                "sha256:3bb8dd3ce101dd8b0b37eaae924a5bb93abb6ffdd034bf68a066a808e11768ab",
                "sha256:3f07da3874f0b085421f1d4f979785131aa9d497501d8610d82f7378b33858f8",
                "sha256:429b2b5ae5f57f8fd9ec2e012c1e7b342ff10f1a8977dc291976b9a3b4c096e1",
                "sha256:4a000fdd89d77b6b675de27e1ab91c6fba517c08f19ee83e6716b78930634e04",
                "sha256:4ccbe7cce6156391a3ecf447c79a7d4a1a0ecd3de79bdec9ca5e4f7242a306d1",
                "sha256:4d08034196db41acb7392e4fccfc0448e7a87192c41d3011ad4093eac2c31ffd",
                "sha256:6b202b1cb524bc76ed52a7eb0314f4b0a0497c7cceb9a93539b5a25800e1f2b6",
                "sha256:8563b56fa7c34f1606848c2143ea67d27cf225b9726a1b041c3d27cf85e46edc",
                "sha256:86d7421e8803d7bae2e594765c378a867b629d46b32fbfe5ed9fd95b30989feb",
                "sha256:8d4bddedcb4ab99131d9705a75720efc48b3d006122dae1a4cc329496ac47c9a",
                "sha256:a4929c6de9590635c34533609402c9da12b22bfc2feb8c0c4f38c39bab48a9ad",
                "sha256:b0736e21798448cee3e663c0df7a6dfa83d805b3f3a45e67f7457a2f019e5fca",
                "sha256:b669acba91d47395de84c9ca52a7ad393b487e5ae2e20b9b2790b22a57d479fa",
                "sha256:bba993443921f2d077195b425a3283357f52b07807d53704610c1249d20b183a",
                "sha256:bdf706a93d00547c9443b2654ae424fd54d5dece4bc4333e7035740aeb7a7cea",
                "sha256:c5aa93e55175b9cde95279ccd03c93d218976b376480222d37be41d2c9c54510",
                "sha256:cc11fd997d8ad71bb0412e983b711e49639c2ddba9b9dce04d4bdab575fe5f84",
                "sha256:d584f1c33995c3dc16a35e30ef43e0881fa0d085f0fef29cebf154ffb5643363",
                "sha256:d88f54bdefb7ddccb68efdd710d689aa6a09b875cc3e44b7e81ef54e0751e3a7",
                "sha256:de0d323072be72fa4d74f4e013cd594e3f8ee03b2e0eac5876a3249fa076ef7b",
                "sha256:f139c963c6679d236b2c45369524338eabd36a853fe23abd39ba246ab0a75aec",
                "sha256:f41c0bf667c4c1c30b873eaa8d6bb894f6d721b3e38e9c993bddd1263c02fb1f",
                "sha256:fbd0ea468b4ec04270533bf5206f1cd57746fcf226520bb133318fa276de2644",
                "sha256:fe2d2850521c467c915ff0a6e27dc64c3c04c2f66612e0072672bd1bd4854b61"
            ],
            "index": "pypi",
            "version": "==5.4.0"
        },
        "tqdm": {
            "hashes": [
                "sha256:3c4d4a5a41ef162dd61f1edb86b0e1c7859054ab656b2e7c7b77e7fbf6d9f392",
                "sha256:5b4d5549984503050883bc126280b386f5f4ca87e6c023c5d015655ad75bdebb"
            ],
            "index": "pypi",
            "version": "==4.28.1"
        }
    },
    "develop": {
        "autopep8": {
            "hashes": [
                "sha256:33d2b5325b7e1afb4240814fe982eea3a92ebea712869bfd08b3c0393404248c"
            ],
            "index": "pypi",
            "version": "==1.4.3"
        },
        "flake8": {
            "hashes": [
                "sha256:6a35f5b8761f45c5513e3405f110a86bea57982c3b75b766ce7b65217abe1670",
                "sha256:c01f8a3963b3571a8e6bd7a4063359aff90749e160778e03817cd9b71c9e07d2"
            ],
            "index": "pypi",
            "version": "==3.6.0"
        },
        "mccabe": {
            "hashes": [
                "sha256:ab8a6258860da4b6677da4bd2fe5dc2c659cff31b3ee4f7f5d64e79735b80d42",
                "sha256:dd8d182285a0fe56bace7f45b5e7d1a6ebcbf524e8f3bd87eb0f125271b8831f"
            ],
            "version": "==0.6.1"
        },
        "pycodestyle": {
            "hashes": [
                "sha256:cbc619d09254895b0d12c2c691e237b2e91e9b2ecf5e84c26b35400f93dcfb83",
                "sha256:cbfca99bd594a10f674d0cd97a3d802a1fdef635d4361e1a2658de47ed261e3a"
            ],
            "version": "==2.4.0"
        },
        "pyflakes": {
            "hashes": [
                "sha256:9a7662ec724d0120012f6e29d6248ae3727d821bba522a0e6b356eff19126a49",
                "sha256:f661252913bc1dbe7fcfcbf0af0db3f42ab65aabd1a6ca68fe5d466bace94dae"
            ],
            "version": "==2.0.0"
        }
    }
}
